// !$*UTF8*$!
{
	archiveVersion = 1;
	classes = {
	};
	objectVersion = 77;
	objects = {

/* Begin PBXBuildFile section */
		F057A7C22D7B8A6000134282 /* Router in Frameworks */ = {isa = PBXBuildFile; productRef = F057A7C12D7B8A6000134282 /* Router */; };
/* End PBXBuildFile section */

/* Begin PBXContainerItemProxy section */
		F057A77A2D7B788B00134282 /* PBXContainerItemProxy */ = {
			isa = PBXContainerItemProxy;
			containerPortal = F057A7612D7B788900134282 /* Project object */;
			proxyType = 1;
			remoteGlobalIDString = F057A7682D7B788900134282;
			remoteInfo = instafeed;
		};
		F057A7842D7B788B00134282 /* PBXContainerItemProxy */ = {
			isa = PBXContainerItemProxy;
			containerPortal = F057A7612D7B788900134282 /* Project object */;
			proxyType = 1;
			remoteGlobalIDString = F057A7682D7B788900134282;
			remoteInfo = instafeed;
		};
/* End PBXContainerItemProxy section */

/* Begin PBXFileReference section */
		F057A7692D7B788900134282 /* instafeed.app */ = {isa = PBXFileReference; explicitFileType = wrapper.application; includeInIndex = 0; path = instafeed.app; sourceTree = BUILT_PRODUCTS_DIR; };
		F057A7792D7B788B00134282 /* instafeedTests.xctest */ = {isa = PBXFileReference; explicitFileType = wrapper.cfbundle; includeInIndex = 0; path = instafeedTests.xctest; sourceTree = BUILT_PRODUCTS_DIR; };
		F057A7832D7B788B00134282 /* instafeedUITests.xctest */ = {isa = PBXFileReference; explicitFileType = wrapper.cfbundle; includeInIndex = 0; path = instafeedUITests.xctest; sourceTree = BUILT_PRODUCTS_DIR; };
/* End PBXFileReference section */

/* Begin PBXFileSystemSynchronizedBuildFileExceptionSet section */
		F057A79A2D7B7C2600134282 /* Exceptions for "Packages" folder in "instafeed" target */ = {
			isa = PBXFileSystemSynchronizedBuildFileExceptionSet;
			membershipExceptions = (
				Data,
				Domain,
				Presentation/Feeds,
				Router,
				Utils,
			);
			target = F057A7682D7B788900134282 /* instafeed */;
		};
/* End PBXFileSystemSynchronizedBuildFileExceptionSet section */

/* Begin PBXFileSystemSynchronizedRootGroup section */
		F057A76B2D7B788900134282 /* instafeed */ = {
			isa = PBXFileSystemSynchronizedRootGroup;
			path = instafeed;
			sourceTree = "<group>";
		};
		F057A7972D7B7BCB00134282 /* Packages */ = {
			isa = PBXFileSystemSynchronizedRootGroup;
			exceptions = (
				F057A79A2D7B7C2600134282 /* Exceptions for "Packages" folder in "instafeed" target */,
			);
			path = Packages;
			sourceTree = "<group>";
		};
/* End PBXFileSystemSynchronizedRootGroup section */

/* Begin PBXFrameworksBuildPhase section */
		F057A7662D7B788900134282 /* Frameworks */ = {
			isa = PBXFrameworksBuildPhase;
			buildActionMask = 2147483647;
			files = (
				F057A7C22D7B8A6000134282 /* Router in Frameworks */,
			);
			runOnlyForDeploymentPostprocessing = 0;
		};
		F057A7762D7B788B00134282 /* Frameworks */ = {
			isa = PBXFrameworksBuildPhase;
			buildActionMask = 2147483647;
			files = (
			);
			runOnlyForDeploymentPostprocessing = 0;
		};
		F057A7802D7B788B00134282 /* Frameworks */ = {
			isa = PBXFrameworksBuildPhase;
			buildActionMask = 2147483647;
			files = (
			);
			runOnlyForDeploymentPostprocessing = 0;
		};
/* End PBXFrameworksBuildPhase section */

/* Begin PBXGroup section */
		F057A7602D7B788900134282 = {
			isa = PBXGroup;
			children = (
				F057A7972D7B7BCB00134282 /* Packages */,
				F057A76B2D7B788900134282 /* instafeed */,
				F057A76A2D7B788900134282 /* Products */,
			);
			sourceTree = "<group>";
		};
		F057A76A2D7B788900134282 /* Products */ = {
			isa = PBXGroup;
			children = (
				F057A7692D7B788900134282 /* instafeed.app */,
				F057A7792D7B788B00134282 /* instafeedTests.xctest */,
				F057A7832D7B788B00134282 /* instafeedUITests.xctest */,
			);
			name = Products;
			sourceTree = "<group>";
		};
/* End PBXGroup section */

/* Begin PBXNativeTarget section */
		F057A7682D7B788900134282 /* instafeed */ = {
			isa = PBXNativeTarget;
			buildConfigurationList = F057A78D2D7B788B00134282 /* Build configuration list for PBXNativeTarget "instafeed" */;
			buildPhases = (
				F057A7652D7B788900134282 /* Sources */,
				F057A7662D7B788900134282 /* Frameworks */,
				F057A7672D7B788900134282 /* Resources */,
			);
			buildRules = (
			);
			dependencies = (
			);
			fileSystemSynchronizedGroups = (
				F057A76B2D7B788900134282 /* instafeed */,
				F057A7972D7B7BCB00134282 /* Packages */,
			);
			name = instafeed;
			packageProductDependencies = (
				F057A7C12D7B8A6000134282 /* Router */,
			);
			productName = instafeed;
			productReference = F057A7692D7B788900134282 /* instafeed.app */;
			productType = "com.apple.product-type.application";
		};
		F057A7782D7B788B00134282 /* instafeedTests */ = {
			isa = PBXNativeTarget;
			buildConfigurationList = F057A7902D7B788B00134282 /* Build configuration list for PBXNativeTarget "instafeedTests" */;
			buildPhases = (
				F057A7752D7B788B00134282 /* Sources */,
				F057A7762D7B788B00134282 /* Frameworks */,
				F057A7772D7B788B00134282 /* Resources */,
			);
			buildRules = (
			);
			dependencies = (
				F057A77B2D7B788B00134282 /* PBXTargetDependency */,
			);
			name = instafeedTests;
			packageProductDependencies = (
			);
			productName = instafeedTests;
			productReference = F057A7792D7B788B00134282 /* instafeedTests.xctest */;
			productType = "com.apple.product-type.bundle.unit-test";
		};
		F057A7822D7B788B00134282 /* instafeedUITests */ = {
			isa = PBXNativeTarget;
			buildConfigurationList = F057A7932D7B788B00134282 /* Build configuration list for PBXNativeTarget "instafeedUITests" */;
			buildPhases = (
				F057A77F2D7B788B00134282 /* Sources */,
				F057A7802D7B788B00134282 /* Frameworks */,
				F057A7812D7B788B00134282 /* Resources */,
			);
			buildRules = (
			);
			dependencies = (
				F057A7852D7B788B00134282 /* PBXTargetDependency */,
			);
			name = instafeedUITests;
			packageProductDependencies = (
			);
			productName = instafeedUITests;
			productReference = F057A7832D7B788B00134282 /* instafeedUITests.xctest */;
			productType = "com.apple.product-type.bundle.ui-testing";
		};
/* End PBXNativeTarget section */

/* Begin PBXProject section */
		F057A7612D7B788900134282 /* Project object */ = {
			isa = PBXProject;
			attributes = {
				BuildIndependentTargetsInParallel = 1;
				LastSwiftUpdateCheck = 1620;
				LastUpgradeCheck = 1620;
				TargetAttributes = {
					F057A7682D7B788900134282 = {
						CreatedOnToolsVersion = 16.2;
					};
					F057A7782D7B788B00134282 = {
						CreatedOnToolsVersion = 16.2;
						TestTargetID = F057A7682D7B788900134282;
					};
					F057A7822D7B788B00134282 = {
						CreatedOnToolsVersion = 16.2;
						TestTargetID = F057A7682D7B788900134282;
					};
				};
			};
			buildConfigurationList = F057A7642D7B788900134282 /* Build configuration list for PBXProject "instafeed" */;
			developmentRegion = en;
			hasScannedForEncodings = 0;
			knownRegions = (
				en,
				Base,
			);
			mainGroup = F057A7602D7B788900134282;
			minimizedProjectReferenceProxies = 1;
			packageReferences = (
				F057A7C02D7B8A6000134282 /* XCLocalSwiftPackageReference "Packages/Router" */,
			);
			preferredProjectObjectVersion = 77;
			productRefGroup = F057A76A2D7B788900134282 /* Products */;
			projectDirPath = "";
			projectRoot = "";
			targets = (
				F057A7682D7B788900134282 /* instafeed */,
				F057A7782D7B788B00134282 /* instafeedTests */,
				F057A7822D7B788B00134282 /* instafeedUITests */,
			);
		};
/* End PBXProject section */

/* Begin PBXResourcesBuildPhase section */
		F057A7672D7B788900134282 /* Resources */ = {
			isa = PBXResourcesBuildPhase;
			buildActionMask = 2147483647;
			files = (
			);
			runOnlyForDeploymentPostprocessing = 0;
		};
		F057A7772D7B788B00134282 /* Resources */ = {
			isa = PBXResourcesBuildPhase;
			buildActionMask = 2147483647;
			files = (
			);
			runOnlyForDeploymentPostprocessing = 0;
		};
		F057A7812D7B788B00134282 /* Resources */ = {
			isa = PBXResourcesBuildPhase;
			buildActionMask = 2147483647;
			files = (
			);
			runOnlyForDeploymentPostprocessing = 0;
		};
/* End PBXResourcesBuildPhase section */

/* Begin PBXSourcesBuildPhase section */
		F057A7652D7B788900134282 /* Sources */ = {
			isa = PBXSourcesBuildPhase;
			buildActionMask = 2147483647;
			files = (
			);
			runOnlyForDeploymentPostprocessing = 0;
		};
		F057A7752D7B788B00134282 /* Sources */ = {
			isa = PBXSourcesBuildPhase;
			buildActionMask = 2147483647;
			files = (
			);
			runOnlyForDeploymentPostprocessing = 0;
		};
		F057A77F2D7B788B00134282 /* Sources */ = {
			isa = PBXSourcesBuildPhase;
			buildActionMask = 2147483647;
			files = (
			);
			runOnlyForDeploymentPostprocessing = 0;
		};
/* End PBXSourcesBuildPhase section */

/* Begin PBXTargetDependency section */
		F057A77B2D7B788B00134282 /* PBXTargetDependency */ = {
			isa = PBXTargetDependency;
			target = F057A7682D7B788900134282 /* instafeed */;
			targetProxy = F057A77A2D7B788B00134282 /* PBXContainerItemProxy */;
		};
		F057A7852D7B788B00134282 /* PBXTargetDependency */ = {
			isa = PBXTargetDependency;
			target = F057A7682D7B788900134282 /* instafeed */;
			targetProxy = F057A7842D7B788B00134282 /* PBXContainerItemProxy */;
		};
/* End PBXTargetDependency section */

/* Begin XCBuildConfiguration section */
		F057A78B2D7B788B00134282 /* Debug */ = {
			isa = XCBuildConfiguration;
			buildSettings = {
				ALWAYS_SEARCH_USER_PATHS = NO;
				ASSETCATALOG_COMPILER_GENERATE_SWIFT_ASSET_SYMBOL_EXTENSIONS = YES;
				CLANG_ANALYZER_NONNULL = YES;
				CLANG_ANALYZER_NUMBER_OBJECT_CONVERSION = YES_AGGRESSIVE;
				CLANG_CXX_LANGUAGE_STANDARD = "gnu++20";
				CLANG_ENABLE_MODULES = YES;
				CLANG_ENABLE_OBJC_ARC = YES;
				CLANG_ENABLE_OBJC_WEAK = YES;
				CLANG_WARN_BLOCK_CAPTURE_AUTORELEASING = YES;
				CLANG_WARN_BOOL_CONVERSION = YES;
				CLANG_WARN_COMMA = YES;
				CLANG_WARN_CONSTANT_CONVERSION = YES;
				CLANG_WARN_DEPRECATED_OBJC_IMPLEMENTATIONS = YES;
				CLANG_WARN_DIRECT_OBJC_ISA_USAGE = YES_ERROR;
				CLANG_WARN_DOCUMENTATION_COMMENTS = YES;
				CLANG_WARN_EMPTY_BODY = YES;
				CLANG_WARN_ENUM_CONVERSION = YES;
				CLANG_WARN_INFINITE_RECURSION = YES;
				CLANG_WARN_INT_CONVERSION = YES;
				CLANG_WARN_NON_LITERAL_NULL_CONVERSION = YES;
				CLANG_WARN_OBJC_IMPLICIT_RETAIN_SELF = YES;
				CLANG_WARN_OBJC_LITERAL_CONVERSION = YES;
				CLANG_WARN_OBJC_ROOT_CLASS = YES_ERROR;
				CLANG_WARN_QUOTED_INCLUDE_IN_FRAMEWORK_HEADER = YES;
				CLANG_WARN_RANGE_LOOP_ANALYSIS = YES;
				CLANG_WARN_STRICT_PROTOTYPES = YES;
				CLANG_WARN_SUSPICIOUS_MOVE = YES;
				CLANG_WARN_UNGUARDED_AVAILABILITY = YES_AGGRESSIVE;
				CLANG_WARN_UNREACHABLE_CODE = YES;
				CLANG_WARN__DUPLICATE_METHOD_MATCH = YES;
				COPY_PHASE_STRIP = NO;
				DEBUG_INFORMATION_FORMAT = dwarf;
				ENABLE_STRICT_OBJC_MSGSEND = YES;
				ENABLE_TESTABILITY = YES;
				ENABLE_USER_SCRIPT_SANDBOXING = YES;
				GCC_C_LANGUAGE_STANDARD = gnu17;
				GCC_DYNAMIC_NO_PIC = NO;
				GCC_NO_COMMON_BLOCKS = YES;
				GCC_OPTIMIZATION_LEVEL = 0;
				GCC_PREPROCESSOR_DEFINITIONS = (
					"DEBUG=1",
					"$(inherited)",
				);
				GCC_WARN_64_TO_32_BIT_CONVERSION = YES;
				GCC_WARN_ABOUT_RETURN_TYPE = YES_ERROR;
				GCC_WARN_UNDECLARED_SELECTOR = YES;
				GCC_WARN_UNINITIALIZED_AUTOS = YES_AGGRESSIVE;
				GCC_WARN_UNUSED_FUNCTION = YES;
				GCC_WARN_UNUSED_VARIABLE = YES;
				IPHONEOS_DEPLOYMENT_TARGET = 18.2;
				LOCALIZATION_PREFERS_STRING_CATALOGS = YES;
				MTL_ENABLE_DEBUG_INFO = INCLUDE_SOURCE;
				MTL_FAST_MATH = YES;
				ONLY_ACTIVE_ARCH = YES;
				SDKROOT = iphoneos;
				SWIFT_ACTIVE_COMPILATION_CONDITIONS = "DEBUG $(inherited)";
				SWIFT_OPTIMIZATION_LEVEL = "-Onone";
			};
			name = Debug;
		};
		F057A78C2D7B788B00134282 /* Release */ = {
			isa = XCBuildConfiguration;
			buildSettings = {
				ALWAYS_SEARCH_USER_PATHS = NO;
				ASSETCATALOG_COMPILER_GENERATE_SWIFT_ASSET_SYMBOL_EXTENSIONS = YES;
				CLANG_ANALYZER_NONNULL = YES;
				CLANG_ANALYZER_NUMBER_OBJECT_CONVERSION = YES_AGGRESSIVE;
				CLANG_CXX_LANGUAGE_STANDARD = "gnu++20";
				CLANG_ENABLE_MODULES = YES;
				CLANG_ENABLE_OBJC_ARC = YES;
				CLANG_ENABLE_OBJC_WEAK = YES;
				CLANG_WARN_BLOCK_CAPTURE_AUTORELEASING = YES;
				CLANG_WARN_BOOL_CONVERSION = YES;
				CLANG_WARN_COMMA = YES;
				CLANG_WARN_CONSTANT_CONVERSION = YES;
				CLANG_WARN_DEPRECATED_OBJC_IMPLEMENTATIONS = YES;
				CLANG_WARN_DIRECT_OBJC_ISA_USAGE = YES_ERROR;
				CLANG_WARN_DOCUMENTATION_COMMENTS = YES;
				CLANG_WARN_EMPTY_BODY = YES;
				CLANG_WARN_ENUM_CONVERSION = YES;
				CLANG_WARN_INFINITE_RECURSION = YES;
				CLANG_WARN_INT_CONVERSION = YES;
				CLANG_WARN_NON_LITERAL_NULL_CONVERSION = YES;
				CLANG_WARN_OBJC_IMPLICIT_RETAIN_SELF = YES;
				CLANG_WARN_OBJC_LITERAL_CONVERSION = YES;
				CLANG_WARN_OBJC_ROOT_CLASS = YES_ERROR;
				CLANG_WARN_QUOTED_INCLUDE_IN_FRAMEWORK_HEADER = YES;
				CLANG_WARN_RANGE_LOOP_ANALYSIS = YES;
				CLANG_WARN_STRICT_PROTOTYPES = YES;
				CLANG_WARN_SUSPICIOUS_MOVE = YES;
				CLANG_WARN_UNGUARDED_AVAILABILITY = YES_AGGRESSIVE;
				CLANG_WARN_UNREACHABLE_CODE = YES;
				CLANG_WARN__DUPLICATE_METHOD_MATCH = YES;
				COPY_PHASE_STRIP = NO;
				DEBUG_INFORMATION_FORMAT = "dwarf-with-dsym";
				ENABLE_NS_ASSERTIONS = NO;
				ENABLE_STRICT_OBJC_MSGSEND = YES;
				ENABLE_USER_SCRIPT_SANDBOXING = YES;
				GCC_C_LANGUAGE_STANDARD = gnu17;
				GCC_NO_COMMON_BLOCKS = YES;
				GCC_WARN_64_TO_32_BIT_CONVERSION = YES;
				GCC_WARN_ABOUT_RETURN_TYPE = YES_ERROR;
				GCC_WARN_UNDECLARED_SELECTOR = YES;
				GCC_WARN_UNINITIALIZED_AUTOS = YES_AGGRESSIVE;
				GCC_WARN_UNUSED_FUNCTION = YES;
				GCC_WARN_UNUSED_VARIABLE = YES;
				IPHONEOS_DEPLOYMENT_TARGET = 18.2;
				LOCALIZATION_PREFERS_STRING_CATALOGS = YES;
				MTL_ENABLE_DEBUG_INFO = NO;
				MTL_FAST_MATH = YES;
				SDKROOT = iphoneos;
				SWIFT_COMPILATION_MODE = wholemodule;
				VALIDATE_PRODUCT = YES;
			};
			name = Release;
		};
		F057A78E2D7B788B00134282 /* Debug */ = {
			isa = XCBuildConfiguration;
			buildSettings = {
				ASSETCATALOG_COMPILER_APPICON_NAME = AppIcon;
				ASSETCATALOG_COMPILER_GLOBAL_ACCENT_COLOR_NAME = AccentColor;
				CODE_SIGN_STYLE = Automatic;
				CURRENT_PROJECT_VERSION = 1;
				DEVELOPMENT_ASSET_PATHS = "\"instafeed/Preview Content\"";
				DEVELOPMENT_TEAM = SVC9RYC3U9;
				ENABLE_PREVIEWS = YES;
				GENERATE_INFOPLIST_FILE = YES;
				INFOPLIST_KEY_UIApplicationSceneManifest_Generation = YES;
				INFOPLIST_KEY_UIApplicationSupportsIndirectInputEvents = YES;
				INFOPLIST_KEY_UILaunchScreen_Generation = YES;
				INFOPLIST_KEY_UISupportedInterfaceOrientations_iPad = "UIInterfaceOrientationPortrait UIInterfaceOrientationPortraitUpsideDown UIInterfaceOrientationLandscapeLeft UIInterfaceOrientationLandscapeRight";
				INFOPLIST_KEY_UISupportedInterfaceOrientations_iPhone = "UIInterfaceOrientationPortrait UIInterfaceOrientationLandscapeLeft UIInterfaceOrientationLandscapeRight";
				LD_RUNPATH_SEARCH_PATHS = (
					"$(inherited)",
					"@executable_path/Frameworks",
				);
				MARKETING_VERSION = 1.0;
				PRODUCT_BUNDLE_IDENTIFIER = instafeed.Task.instafeed;
				PRODUCT_NAME = "$(TARGET_NAME)";
				SWIFT_EMIT_LOC_STRINGS = YES;
				SWIFT_VERSION = 5.0;
				TARGETED_DEVICE_FAMILY = "1,2";
			};
			name = Debug;
		};
		F057A78F2D7B788B00134282 /* Release */ = {
			isa = XCBuildConfiguration;
			buildSettings = {
				ASSETCATALOG_COMPILER_APPICON_NAME = AppIcon;
				ASSETCATALOG_COMPILER_GLOBAL_ACCENT_COLOR_NAME = AccentColor;
				CODE_SIGN_STYLE = Automatic;
				CURRENT_PROJECT_VERSION = 1;
				DEVELOPMENT_ASSET_PATHS = "\"instafeed/Preview Content\"";
				DEVELOPMENT_TEAM = SVC9RYC3U9;
				ENABLE_PREVIEWS = YES;
				GENERATE_INFOPLIST_FILE = YES;
				INFOPLIST_KEY_UIApplicationSceneManifest_Generation = YES;
				INFOPLIST_KEY_UIApplicationSupportsIndirectInputEvents = YES;
				INFOPLIST_KEY_UILaunchScreen_Generation = YES;
				INFOPLIST_KEY_UISupportedInterfaceOrientations_iPad = "UIInterfaceOrientationPortrait UIInterfaceOrientationPortraitUpsideDown UIInterfaceOrientationLandscapeLeft UIInterfaceOrientationLandscapeRight";
				INFOPLIST_KEY_UISupportedInterfaceOrientations_iPhone = "UIInterfaceOrientationPortrait UIInterfaceOrientationLandscapeLeft UIInterfaceOrientationLandscapeRight";
				LD_RUNPATH_SEARCH_PATHS = (
					"$(inherited)",
					"@executable_path/Frameworks",
				);
				MARKETING_VERSION = 1.0;
				PRODUCT_BUNDLE_IDENTIFIER = instafeed.Task.instafeed;
				PRODUCT_NAME = "$(TARGET_NAME)";
				SWIFT_EMIT_LOC_STRINGS = YES;
				SWIFT_VERSION = 5.0;
				TARGETED_DEVICE_FAMILY = "1,2";
			};
			name = Release;
		};
		F057A7912D7B788B00134282 /* Debug */ = {
			isa = XCBuildConfiguration;
			buildSettings = {
				BUNDLE_LOADER = "$(TEST_HOST)";
				CODE_SIGN_STYLE = Automatic;
				CURRENT_PROJECT_VERSION = 1;
				GENERATE_INFOPLIST_FILE = YES;
				IPHONEOS_DEPLOYMENT_TARGET = 18.2;
				MARKETING_VERSION = 1.0;
				PRODUCT_BUNDLE_IDENTIFIER = instafeed.Task.instafeedTests;
				PRODUCT_NAME = "$(TARGET_NAME)";
				SWIFT_EMIT_LOC_STRINGS = NO;
				SWIFT_VERSION = 5.0;
				TARGETED_DEVICE_FAMILY = "1,2";
				TEST_HOST = "$(BUILT_PRODUCTS_DIR)/instafeed.app/$(BUNDLE_EXECUTABLE_FOLDER_PATH)/instafeed";
			};
			name = Debug;
		};
		F057A7922D7B788B00134282 /* Release */ = {
			isa = XCBuildConfiguration;
			buildSettings = {
				BUNDLE_LOADER = "$(TEST_HOST)";
				CODE_SIGN_STYLE = Automatic;
				CURRENT_PROJECT_VERSION = 1;
				GENERATE_INFOPLIST_FILE = YES;
				IPHONEOS_DEPLOYMENT_TARGET = 18.2;
				MARKETING_VERSION = 1.0;
				PRODUCT_BUNDLE_IDENTIFIER = instafeed.Task.instafeedTests;
				PRODUCT_NAME = "$(TARGET_NAME)";
				SWIFT_EMIT_LOC_STRINGS = NO;
				SWIFT_VERSION = 5.0;
				TARGETED_DEVICE_FAMILY = "1,2";
				TEST_HOST = "$(BUILT_PRODUCTS_DIR)/instafeed.app/$(BUNDLE_EXECUTABLE_FOLDER_PATH)/instafeed";
			};
			name = Release;
		};
		F057A7942D7B788B00134282 /* Debug */ = {
			isa = XCBuildConfiguration;
			buildSettings = {
				CODE_SIGN_STYLE = Automatic;
				CURRENT_PROJECT_VERSION = 1;
				GENERATE_INFOPLIST_FILE = YES;
				MARKETING_VERSION = 1.0;
				PRODUCT_BUNDLE_IDENTIFIER = instafeed.Task.instafeedUITests;
				PRODUCT_NAME = "$(TARGET_NAME)";
				SWIFT_EMIT_LOC_STRINGS = NO;
				SWIFT_VERSION = 5.0;
				TARGETED_DEVICE_FAMILY = "1,2";
				TEST_TARGET_NAME = instafeed;
			};
			name = Debug;
		};
		F057A7952D7B788B00134282 /* Release */ = {
			isa = XCBuildConfiguration;
			buildSettings = {
				CODE_SIGN_STYLE = Automatic;
				CURRENT_PROJECT_VERSION = 1;
				GENERATE_INFOPLIST_FILE = YES;
				MARKETING_VERSION = 1.0;
				PRODUCT_BUNDLE_IDENTIFIER = instafeed.Task.instafeedUITests;
				PRODUCT_NAME = "$(TARGET_NAME)";
				SWIFT_EMIT_LOC_STRINGS = NO;
				SWIFT_VERSION = 5.0;
				TARGETED_DEVICE_FAMILY = "1,2";
				TEST_TARGET_NAME = instafeed;
			};
			name = Release;
		};
/* End XCBuildConfiguration section */

/* Begin XCConfigurationList section */
		F057A7642D7B788900134282 /* Build configuration list for PBXProject "instafeed" */ = {
			isa = XCConfigurationList;
			buildConfigurations = (
				F057A78B2D7B788B00134282 /* Debug */,
				F057A78C2D7B788B00134282 /* Release */,
			);
			defaultConfigurationIsVisible = 0;
			defaultConfigurationName = Release;
		};
		F057A78D2D7B788B00134282 /* Build configuration list for PBXNativeTarget "instafeed" */ = {
			isa = XCConfigurationList;
			buildConfigurations = (
				F057A78E2D7B788B00134282 /* Debug */,
				F057A78F2D7B788B00134282 /* Release */,
			);
			defaultConfigurationIsVisible = 0;
			defaultConfigurationName = Release;
		};
		F057A7902D7B788B00134282 /* Build configuration list for PBXNativeTarget "instafeedTests" */ = {
			isa = XCConfigurationList;
			buildConfigurations = (
				F057A7912D7B788B00134282 /* Debug */,
				F057A7922D7B788B00134282 /* Release */,
			);
			defaultConfigurationIsVisible = 0;
			defaultConfigurationName = Release;
		};
		F057A7932D7B788B00134282 /* Build configuration list for PBXNativeTarget "instafeedUITests" */ = {
			isa = XCConfigurationList;
			buildConfigurations = (
				F057A7942D7B788B00134282 /* Debug */,
				F057A7952D7B788B00134282 /* Release */,
			);
			defaultConfigurationIsVisible = 0;
			defaultConfigurationName = Release;
		};
/* End XCConfigurationList section */

/* Begin XCLocalSwiftPackageReference section */
		F057A7C02D7B8A6000134282 /* XCLocalSwiftPackageReference "Packages/Router" */ = {
			isa = XCLocalSwiftPackageReference;
			relativePath = Packages/Router;
		};
/* End XCLocalSwiftPackageReference section */

/* Begin XCSwiftPackageProductDependency section */
		F057A7C12D7B8A6000134282 /* Router */ = {
			isa = XCSwiftPackageProductDependency;
			productName = Router;
		};
/* End XCSwiftPackageProductDependency section */
	};
	rootObject = F057A7612D7B788900134282 /* Project object */;
}
